
Microsoft Visual Studio Solution File, Format Version 12.00
# Visual Studio 14
VisualStudioVersion = 14.0.25420.1
MinimumVisualStudioVersion = 10.0.40219.1
Project("{FAE04EC0-301F-11D3-BF4B-00C04F79EFBC}") = "PWFAutomation", "PWFAutomation\PWFAutomation.csproj", "{A6EF552F-BA72-4F87-B67D-0B0D0A1FF077}"
EndProject
Global
	GlobalSection(SolutionConfigurationPlatforms) = preSolution
		Debug|Any CPU = Debug|Any CPU
		Release|Any CPU = Release|Any CPU
	EndGlobalSection
	GlobalSection(ProjectConfigurationPlatforms) = postSolution
		{A6EF552F-BA72-4F87-B67D-0B0D0A1FF077}.Debug|Any CPU.ActiveCfg = Debug|Any CPU
		{A6EF552F-BA72-4F87-B67D-0B0D0A1FF077}.Debug|Any CPU.Build.0 = Debug|Any CPU
		{A6EF552F-BA72-4F87-B67D-0B0D0A1FF077}.Release|Any CPU.ActiveCfg = Release|Any CPU
		{A6EF552F-BA72-4F87-B67D-0B0D0A1FF077}.Release|Any CPU.Build.0 = Release|Any CPU
	EndGlobalSection
	GlobalSection(SolutionProperties) = preSolution
		HideSolutionNode = FALSE
	EndGlobalSection
EndGlobal
